// !$*UTF8*$!
{
	archiveVersion = 1;
	classes = {
	};
	objectVersion = 55;
	objects = {

/* Begin PBXBuildFile section */
		6A6CB01A27565A1D00E5F0F7 /* AppDelegate.swift in Sources */ = {isa = PBXBuildFile; fileRef = 6A6CB01927565A1D00E5F0F7 /* AppDelegate.swift */; };
		6A6CB01C27565A1D00E5F0F7 /* SceneDelegate.swift in Sources */ = {isa = PBXBuildFile; fileRef = 6A6CB01B27565A1D00E5F0F7 /* SceneDelegate.swift */; };
		6A6CB01E27565A1D00E5F0F7 /* ViewController.swift in Sources */ = {isa = PBXBuildFile; fileRef = 6A6CB01D27565A1D00E5F0F7 /* ViewController.swift */; };
		6A6CB02127565A1D00E5F0F7 /* Main.storyboard in Resources */ = {isa = PBXBuildFile; fileRef = 6A6CB01F27565A1D00E5F0F7 /* Main.storyboard */; };
		6A6CB02327565A1F00E5F0F7 /* Assets.xcassets in Resources */ = {isa = PBXBuildFile; fileRef = 6A6CB02227565A1F00E5F0F7 /* Assets.xcassets */; };
		6A6CB02627565A1F00E5F0F7 /* LaunchScreen.storyboard in Resources */ = {isa = PBXBuildFile; fileRef = 6A6CB02427565A1F00E5F0F7 /* LaunchScreen.storyboard */; };
		6A6CB03127565A1F00E5F0F7 /* KeyboardLayoutGuideSampleTests.swift in Sources */ = {isa = PBXBuildFile; fileRef = 6A6CB03027565A1F00E5F0F7 /* KeyboardLayoutGuideSampleTests.swift */; };
		6A6CB03B27565A2000E5F0F7 /* KeyboardLayoutGuideSampleUITests.swift in Sources */ = {isa = PBXBuildFile; fileRef = 6A6CB03A27565A2000E5F0F7 /* KeyboardLayoutGuideSampleUITests.swift */; };
		6A6CB03D27565A2000E5F0F7 /* KeyboardLayoutGuideSampleUITestsLaunchTests.swift in Sources */ = {isa = PBXBuildFile; fileRef = 6A6CB03C27565A2000E5F0F7 /* KeyboardLayoutGuideSampleUITestsLaunchTests.swift */; };
		6A6CB04B27565F4800E5F0F7 /* BasicViewController.swift in Sources */ = {isa = PBXBuildFile; fileRef = 6A6CB04A27565F4800E5F0F7 /* BasicViewController.swift */; };
		6A6CB04E275669EE00E5F0F7 /* Storyboard.storyboard in Resources */ = {isa = PBXBuildFile; fileRef = 6A6CB04D275669EE00E5F0F7 /* Storyboard.storyboard */; };
		6A6CB050275669FC00E5F0F7 /* StoryboardViewController.swift in Sources */ = {isa = PBXBuildFile; fileRef = 6A6CB04F275669FC00E5F0F7 /* StoryboardViewController.swift */; };
		6A6CB0532757289400E5F0F7 /* Multiple.storyboard in Resources */ = {isa = PBXBuildFile; fileRef = 6A6CB0522757289400E5F0F7 /* Multiple.storyboard */; };
		6A6CB055275728A200E5F0F7 /* MultipleViewController.swift in Sources */ = {isa = PBXBuildFile; fileRef = 6A6CB054275728A200E5F0F7 /* MultipleViewController.swift */; };
		6A6CB05827574CDD00E5F0F7 /* MultipleForms.storyboard in Resources */ = {isa = PBXBuildFile; fileRef = 6A6CB05727574CDD00E5F0F7 /* MultipleForms.storyboard */; };
		6A6CB05A27574CEF00E5F0F7 /* MultipleFormsViewController.swift in Sources */ = {isa = PBXBuildFile; fileRef = 6A6CB05927574CEF00E5F0F7 /* MultipleFormsViewController.swift */; };
		6A6CB05C27574D4F00E5F0F7 /* Form.xib in Resources */ = {isa = PBXBuildFile; fileRef = 6A6CB05B27574D4F00E5F0F7 /* Form.xib */; };
		6A6CB05E27574DCE00E5F0F7 /* FormView.swift in Sources */ = {isa = PBXBuildFile; fileRef = 6A6CB05D27574DCE00E5F0F7 /* FormView.swift */; };
/* End PBXBuildFile section */

/* Begin PBXContainerItemProxy section */
		6A6CB02D27565A1F00E5F0F7 /* PBXContainerItemProxy */ = {
			isa = PBXContainerItemProxy;
			containerPortal = 6A6CB00E27565A1D00E5F0F7 /* Project object */;
			proxyType = 1;
			remoteGlobalIDString = 6A6CB01527565A1D00E5F0F7;
			remoteInfo = KeyboardLayoutGuideSample;
		};
		6A6CB03727565A2000E5F0F7 /* PBXContainerItemProxy */ = {
			isa = PBXContainerItemProxy;
			containerPortal = 6A6CB00E27565A1D00E5F0F7 /* Project object */;
			proxyType = 1;
			remoteGlobalIDString = 6A6CB01527565A1D00E5F0F7;
			remoteInfo = KeyboardLayoutGuideSample;
		};
/* End PBXContainerItemProxy section */

/* Begin PBXFileReference section */
		6A6CB01627565A1D00E5F0F7 /* KeyboardLayoutGuideSample.app */ = {isa = PBXFileReference; explicitFileType = wrapper.application; includeInIndex = 0; path = KeyboardLayoutGuideSample.app; sourceTree = BUILT_PRODUCTS_DIR; };
		6A6CB01927565A1D00E5F0F7 /* AppDelegate.swift */ = {isa = PBXFileReference; lastKnownFileType = sourcecode.swift; path = AppDelegate.swift; sourceTree = "<group>"; };
		6A6CB01B27565A1D00E5F0F7 /* SceneDelegate.swift */ = {isa = PBXFileReference; lastKnownFileType = sourcecode.swift; path = SceneDelegate.swift; sourceTree = "<group>"; };
		6A6CB01D27565A1D00E5F0F7 /* ViewController.swift */ = {isa = PBXFileReference; lastKnownFileType = sourcecode.swift; path = ViewController.swift; sourceTree = "<group>"; };
		6A6CB02027565A1D00E5F0F7 /* Base */ = {isa = PBXFileReference; lastKnownFileType = file.storyboard; name = Base; path = Base.lproj/Main.storyboard; sourceTree = "<group>"; };
		6A6CB02227565A1F00E5F0F7 /* Assets.xcassets */ = {isa = PBXFileReference; lastKnownFileType = folder.assetcatalog; path = Assets.xcassets; sourceTree = "<group>"; };
		6A6CB02527565A1F00E5F0F7 /* Base */ = {isa = PBXFileReference; lastKnownFileType = file.storyboard; name = Base; path = Base.lproj/LaunchScreen.storyboard; sourceTree = "<group>"; };
		6A6CB02727565A1F00E5F0F7 /* Info.plist */ = {isa = PBXFileReference; lastKnownFileType = text.plist.xml; path = Info.plist; sourceTree = "<group>"; };
		6A6CB02C27565A1F00E5F0F7 /* KeyboardLayoutGuideSampleTests.xctest */ = {isa = PBXFileReference; explicitFileType = wrapper.cfbundle; includeInIndex = 0; path = KeyboardLayoutGuideSampleTests.xctest; sourceTree = BUILT_PRODUCTS_DIR; };
		6A6CB03027565A1F00E5F0F7 /* KeyboardLayoutGuideSampleTests.swift */ = {isa = PBXFileReference; lastKnownFileType = sourcecode.swift; path = KeyboardLayoutGuideSampleTests.swift; sourceTree = "<group>"; };
		6A6CB03627565A1F00E5F0F7 /* KeyboardLayoutGuideSampleUITests.xctest */ = {isa = PBXFileReference; explicitFileType = wrapper.cfbundle; includeInIndex = 0; path = KeyboardLayoutGuideSampleUITests.xctest; sourceTree = BUILT_PRODUCTS_DIR; };
		6A6CB03A27565A2000E5F0F7 /* KeyboardLayoutGuideSampleUITests.swift */ = {isa = PBXFileReference; lastKnownFileType = sourcecode.swift; path = KeyboardLayoutGuideSampleUITests.swift; sourceTree = "<group>"; };
		6A6CB03C27565A2000E5F0F7 /* KeyboardLayoutGuideSampleUITestsLaunchTests.swift */ = {isa = PBXFileReference; lastKnownFileType = sourcecode.swift; path = KeyboardLayoutGuideSampleUITestsLaunchTests.swift; sourceTree = "<group>"; };
		6A6CB04A27565F4800E5F0F7 /* BasicViewController.swift */ = {isa = PBXFileReference; lastKnownFileType = sourcecode.swift; path = BasicViewController.swift; sourceTree = "<group>"; };
		6A6CB04D275669EE00E5F0F7 /* Storyboard.storyboard */ = {isa = PBXFileReference; lastKnownFileType = file.storyboard; path = Storyboard.storyboard; sourceTree = "<group>"; };
		6A6CB04F275669FC00E5F0F7 /* StoryboardViewController.swift */ = {isa = PBXFileReference; lastKnownFileType = sourcecode.swift; path = StoryboardViewController.swift; sourceTree = "<group>"; };
		6A6CB0522757289400E5F0F7 /* Multiple.storyboard */ = {isa = PBXFileReference; lastKnownFileType = file.storyboard; path = Multiple.storyboard; sourceTree = "<group>"; };
		6A6CB054275728A200E5F0F7 /* MultipleViewController.swift */ = {isa = PBXFileReference; lastKnownFileType = sourcecode.swift; path = MultipleViewController.swift; sourceTree = "<group>"; };
		6A6CB05727574CDD00E5F0F7 /* MultipleForms.storyboard */ = {isa = PBXFileReference; lastKnownFileType = file.storyboard; path = MultipleForms.storyboard; sourceTree = "<group>"; };
		6A6CB05927574CEF00E5F0F7 /* MultipleFormsViewController.swift */ = {isa = PBXFileReference; lastKnownFileType = sourcecode.swift; path = MultipleFormsViewController.swift; sourceTree = "<group>"; };
		6A6CB05B27574D4F00E5F0F7 /* Form.xib */ = {isa = PBXFileReference; lastKnownFileType = file.xib; path = Form.xib; sourceTree = "<group>"; };
		6A6CB05D27574DCE00E5F0F7 /* FormView.swift */ = {isa = PBXFileReference; lastKnownFileType = sourcecode.swift; path = FormView.swift; sourceTree = "<group>"; };
/* End PBXFileReference section */

/* Begin PBXFrameworksBuildPhase section */
		6A6CB01327565A1D00E5F0F7 /* Frameworks */ = {
			isa = PBXFrameworksBuildPhase;
			buildActionMask = 2147483647;
			files = (
			);
			runOnlyForDeploymentPostprocessing = 0;
		};
		6A6CB02927565A1F00E5F0F7 /* Frameworks */ = {
			isa = PBXFrameworksBuildPhase;
			buildActionMask = 2147483647;
			files = (
			);
			runOnlyForDeploymentPostprocessing = 0;
		};
		6A6CB03327565A1F00E5F0F7 /* Frameworks */ = {
			isa = PBXFrameworksBuildPhase;
			buildActionMask = 2147483647;
			files = (
			);
			runOnlyForDeploymentPostprocessing = 0;
		};
/* End PBXFrameworksBuildPhase section */

/* Begin PBXGroup section */
		6A6CB00D27565A1D00E5F0F7 = {
			isa = PBXGroup;
			children = (
				6A6CB01827565A1D00E5F0F7 /* KeyboardLayoutGuideSample */,
				6A6CB02F27565A1F00E5F0F7 /* KeyboardLayoutGuideSampleTests */,
				6A6CB03927565A2000E5F0F7 /* KeyboardLayoutGuideSampleUITests */,
				6A6CB01727565A1D00E5F0F7 /* Products */,
			);
			sourceTree = "<group>";
		};
		6A6CB01727565A1D00E5F0F7 /* Products */ = {
			isa = PBXGroup;
			children = (
				6A6CB01627565A1D00E5F0F7 /* KeyboardLayoutGuideSample.app */,
				6A6CB02C27565A1F00E5F0F7 /* KeyboardLayoutGuideSampleTests.xctest */,
				6A6CB03627565A1F00E5F0F7 /* KeyboardLayoutGuideSampleUITests.xctest */,
			);
			name = Products;
			sourceTree = "<group>";
		};
		6A6CB01827565A1D00E5F0F7 /* KeyboardLayoutGuideSample */ = {
			isa = PBXGroup;
			children = (
				6A6CB01927565A1D00E5F0F7 /* AppDelegate.swift */,
				6A6CB01B27565A1D00E5F0F7 /* SceneDelegate.swift */,
				6A6CB01D27565A1D00E5F0F7 /* ViewController.swift */,
				6A6CB01F27565A1D00E5F0F7 /* Main.storyboard */,
				6A6CB04927565F2F00E5F0F7 /* Basic */,
				6A6CB04C275669D600E5F0F7 /* Storyboard */,
				6A6CB0512757287500E5F0F7 /* Multiple */,
				6A6CB05627574C8F00E5F0F7 /* MultipleForms */,
				6A6CB02227565A1F00E5F0F7 /* Assets.xcassets */,
				6A6CB02427565A1F00E5F0F7 /* LaunchScreen.storyboard */,
				6A6CB02727565A1F00E5F0F7 /* Info.plist */,
			);
			path = KeyboardLayoutGuideSample;
			sourceTree = "<group>";
		};
		6A6CB02F27565A1F00E5F0F7 /* KeyboardLayoutGuideSampleTests */ = {
			isa = PBXGroup;
			children = (
				6A6CB03027565A1F00E5F0F7 /* KeyboardLayoutGuideSampleTests.swift */,
			);
			path = KeyboardLayoutGuideSampleTests;
			sourceTree = "<group>";
		};
		6A6CB03927565A2000E5F0F7 /* KeyboardLayoutGuideSampleUITests */ = {
			isa = PBXGroup;
			children = (
				6A6CB03A27565A2000E5F0F7 /* KeyboardLayoutGuideSampleUITests.swift */,
				6A6CB03C27565A2000E5F0F7 /* KeyboardLayoutGuideSampleUITestsLaunchTests.swift */,
			);
			path = KeyboardLayoutGuideSampleUITests;
			sourceTree = "<group>";
		};
		6A6CB04927565F2F00E5F0F7 /* Basic */ = {
			isa = PBXGroup;
			children = (
				6A6CB04A27565F4800E5F0F7 /* BasicViewController.swift */,
			);
			path = Basic;
			sourceTree = "<group>";
		};
		6A6CB04C275669D600E5F0F7 /* Storyboard */ = {
			isa = PBXGroup;
			children = (
				6A6CB04D275669EE00E5F0F7 /* Storyboard.storyboard */,
				6A6CB04F275669FC00E5F0F7 /* StoryboardViewController.swift */,
			);
			path = Storyboard;
			sourceTree = "<group>";
		};
		6A6CB0512757287500E5F0F7 /* Multiple */ = {
			isa = PBXGroup;
			children = (
				6A6CB0522757289400E5F0F7 /* Multiple.storyboard */,
				6A6CB054275728A200E5F0F7 /* MultipleViewController.swift */,
			);
			path = Multiple;
			sourceTree = "<group>";
		};
		6A6CB05627574C8F00E5F0F7 /* MultipleForms */ = {
			isa = PBXGroup;
			children = (
				6A6CB05727574CDD00E5F0F7 /* MultipleForms.storyboard */,
				6A6CB05927574CEF00E5F0F7 /* MultipleFormsViewController.swift */,
				6A6CB05B27574D4F00E5F0F7 /* Form.xib */,
				6A6CB05D27574DCE00E5F0F7 /* FormView.swift */,
			);
			path = MultipleForms;
			sourceTree = "<group>";
		};
/* End PBXGroup section */

/* Begin PBXNativeTarget section */
		6A6CB01527565A1D00E5F0F7 /* KeyboardLayoutGuideSample */ = {
			isa = PBXNativeTarget;
			buildConfigurationList = 6A6CB04027565A2000E5F0F7 /* Build configuration list for PBXNativeTarget "KeyboardLayoutGuideSample" */;
			buildPhases = (
				6A6CB01227565A1D00E5F0F7 /* Sources */,
				6A6CB01327565A1D00E5F0F7 /* Frameworks */,
				6A6CB01427565A1D00E5F0F7 /* Resources */,
			);
			buildRules = (
			);
			dependencies = (
			);
			name = KeyboardLayoutGuideSample;
			productName = KeyboardLayoutGuideSample;
			productReference = 6A6CB01627565A1D00E5F0F7 /* KeyboardLayoutGuideSample.app */;
			productType = "com.apple.product-type.application";
		};
		6A6CB02B27565A1F00E5F0F7 /* KeyboardLayoutGuideSampleTests */ = {
			isa = PBXNativeTarget;
			buildConfigurationList = 6A6CB04327565A2000E5F0F7 /* Build configuration list for PBXNativeTarget "KeyboardLayoutGuideSampleTests" */;
			buildPhases = (
				6A6CB02827565A1F00E5F0F7 /* Sources */,
				6A6CB02927565A1F00E5F0F7 /* Frameworks */,
				6A6CB02A27565A1F00E5F0F7 /* Resources */,
			);
			buildRules = (
			);
			dependencies = (
				6A6CB02E27565A1F00E5F0F7 /* PBXTargetDependency */,
			);
			name = KeyboardLayoutGuideSampleTests;
			productName = KeyboardLayoutGuideSampleTests;
			productReference = 6A6CB02C27565A1F00E5F0F7 /* KeyboardLayoutGuideSampleTests.xctest */;
			productType = "com.apple.product-type.bundle.unit-test";
		};
		6A6CB03527565A1F00E5F0F7 /* KeyboardLayoutGuideSampleUITests */ = {
			isa = PBXNativeTarget;
			buildConfigurationList = 6A6CB04627565A2000E5F0F7 /* Build configuration list for PBXNativeTarget "KeyboardLayoutGuideSampleUITests" */;
			buildPhases = (
				6A6CB03227565A1F00E5F0F7 /* Sources */,
				6A6CB03327565A1F00E5F0F7 /* Frameworks */,
				6A6CB03427565A1F00E5F0F7 /* Resources */,
			);
			buildRules = (
			);
			dependencies = (
				6A6CB03827565A2000E5F0F7 /* PBXTargetDependency */,
			);
			name = KeyboardLayoutGuideSampleUITests;
			productName = KeyboardLayoutGuideSampleUITests;
			productReference = 6A6CB03627565A1F00E5F0F7 /* KeyboardLayoutGuideSampleUITests.xctest */;
			productType = "com.apple.product-type.bundle.ui-testing";
		};
/* End PBXNativeTarget section */

/* Begin PBXProject section */
		6A6CB00E27565A1D00E5F0F7 /* Project object */ = {
			isa = PBXProject;
			attributes = {
				BuildIndependentTargetsInParallel = 1;
				LastSwiftUpdateCheck = 1310;
				LastUpgradeCheck = 1310;
				TargetAttributes = {
					6A6CB01527565A1D00E5F0F7 = {
						CreatedOnToolsVersion = 13.1;
					};
					6A6CB02B27565A1F00E5F0F7 = {
						CreatedOnToolsVersion = 13.1;
						TestTargetID = 6A6CB01527565A1D00E5F0F7;
					};
					6A6CB03527565A1F00E5F0F7 = {
						CreatedOnToolsVersion = 13.1;
						TestTargetID = 6A6CB01527565A1D00E5F0F7;
					};
				};
			};
			buildConfigurationList = 6A6CB01127565A1D00E5F0F7 /* Build configuration list for PBXProject "KeyboardLayoutGuideSample" */;
			compatibilityVersion = "Xcode 13.0";
			developmentRegion = en;
			hasScannedForEncodings = 0;
			knownRegions = (
				en,
				Base,
			);
			mainGroup = 6A6CB00D27565A1D00E5F0F7;
			productRefGroup = 6A6CB01727565A1D00E5F0F7 /* Products */;
			projectDirPath = "";
			projectRoot = "";
			targets = (
				6A6CB01527565A1D00E5F0F7 /* KeyboardLayoutGuideSample */,
				6A6CB02B27565A1F00E5F0F7 /* KeyboardLayoutGuideSampleTests */,
				6A6CB03527565A1F00E5F0F7 /* KeyboardLayoutGuideSampleUITests */,
			);
		};
/* End PBXProject section */

/* Begin PBXResourcesBuildPhase section */
		6A6CB01427565A1D00E5F0F7 /* Resources */ = {
			isa = PBXResourcesBuildPhase;
			buildActionMask = 2147483647;
			files = (
				6A6CB02627565A1F00E5F0F7 /* LaunchScreen.storyboard in Resources */,
				6A6CB04E275669EE00E5F0F7 /* Storyboard.storyboard in Resources */,
				6A6CB05C27574D4F00E5F0F7 /* Form.xib in Resources */,
				6A6CB02327565A1F00E5F0F7 /* Assets.xcassets in Resources */,
				6A6CB0532757289400E5F0F7 /* Multiple.storyboard in Resources */,
				6A6CB05827574CDD00E5F0F7 /* MultipleForms.storyboard in Resources */,
				6A6CB02127565A1D00E5F0F7 /* Main.storyboard in Resources */,
			);
			runOnlyForDeploymentPostprocessing = 0;
		};
		6A6CB02A27565A1F00E5F0F7 /* Resources */ = {
			isa = PBXResourcesBuildPhase;
			buildActionMask = 2147483647;
			files = (
			);
			runOnlyForDeploymentPostprocessing = 0;
		};
		6A6CB03427565A1F00E5F0F7 /* Resources */ = {
			isa = PBXResourcesBuildPhase;
			buildActionMask = 2147483647;
			files = (
			);
			runOnlyForDeploymentPostprocessing = 0;
		};
/* End PBXResourcesBuildPhase section */

/* Begin PBXSourcesBuildPhase section */
		6A6CB01227565A1D00E5F0F7 /* Sources */ = {
			isa = PBXSourcesBuildPhase;
			buildActionMask = 2147483647;
			files = (
				6A6CB05E27574DCE00E5F0F7 /* FormView.swift in Sources */,
				6A6CB055275728A200E5F0F7 /* MultipleViewController.swift in Sources */,
				6A6CB05A27574CEF00E5F0F7 /* MultipleFormsViewController.swift in Sources */,
				6A6CB050275669FC00E5F0F7 /* StoryboardViewController.swift in Sources */,
				6A6CB01E27565A1D00E5F0F7 /* ViewController.swift in Sources */,
				6A6CB04B27565F4800E5F0F7 /* BasicViewController.swift in Sources */,
				6A6CB01A27565A1D00E5F0F7 /* AppDelegate.swift in Sources */,
				6A6CB01C27565A1D00E5F0F7 /* SceneDelegate.swift in Sources */,
			);
			runOnlyForDeploymentPostprocessing = 0;
		};
		6A6CB02827565A1F00E5F0F7 /* Sources */ = {
			isa = PBXSourcesBuildPhase;
			buildActionMask = 2147483647;
			files = (
				6A6CB03127565A1F00E5F0F7 /* KeyboardLayoutGuideSampleTests.swift in Sources */,
			);
			runOnlyForDeploymentPostprocessing = 0;
		};
		6A6CB03227565A1F00E5F0F7 /* Sources */ = {
			isa = PBXSourcesBuildPhase;
			buildActionMask = 2147483647;
			files = (
				6A6CB03D27565A2000E5F0F7 /* KeyboardLayoutGuideSampleUITestsLaunchTests.swift in Sources */,
				6A6CB03B27565A2000E5F0F7 /* KeyboardLayoutGuideSampleUITests.swift in Sources */,
			);
			runOnlyForDeploymentPostprocessing = 0;
		};
/* End PBXSourcesBuildPhase section */

/* Begin PBXTargetDependency section */
		6A6CB02E27565A1F00E5F0F7 /* PBXTargetDependency */ = {
			isa = PBXTargetDependency;
			target = 6A6CB01527565A1D00E5F0F7 /* KeyboardLayoutGuideSample */;
			targetProxy = 6A6CB02D27565A1F00E5F0F7 /* PBXContainerItemProxy */;
		};
		6A6CB03827565A2000E5F0F7 /* PBXTargetDependency */ = {
			isa = PBXTargetDependency;
			target = 6A6CB01527565A1D00E5F0F7 /* KeyboardLayoutGuideSample */;
			targetProxy = 6A6CB03727565A2000E5F0F7 /* PBXContainerItemProxy */;
		};
/* End PBXTargetDependency section */

/* Begin PBXVariantGroup section */
		6A6CB01F27565A1D00E5F0F7 /* Main.storyboard */ = {
			isa = PBXVariantGroup;
			children = (
				6A6CB02027565A1D00E5F0F7 /* Base */,
			);
			name = Main.storyboard;
			sourceTree = "<group>";
		};
		6A6CB02427565A1F00E5F0F7 /* LaunchScreen.storyboard */ = {
			isa = PBXVariantGroup;
			children = (
				6A6CB02527565A1F00E5F0F7 /* Base */,
			);
			name = LaunchScreen.storyboard;
			sourceTree = "<group>";
		};
/* End PBXVariantGroup section */

/* Begin XCBuildConfiguration section */
		6A6CB03E27565A2000E5F0F7 /* Debug */ = {
			isa = XCBuildConfiguration;
			buildSettings = {
				ALWAYS_SEARCH_USER_PATHS = NO;
				CLANG_ANALYZER_NONNULL = YES;
				CLANG_ANALYZER_NUMBER_OBJECT_CONVERSION = YES_AGGRESSIVE;
				CLANG_CXX_LANGUAGE_STANDARD = "gnu++17";
				CLANG_CXX_LIBRARY = "libc++";
				CLANG_ENABLE_MODULES = YES;
				CLANG_ENABLE_OBJC_ARC = YES;
				CLANG_ENABLE_OBJC_WEAK = YES;
				CLANG_WARN_BLOCK_CAPTURE_AUTORELEASING = YES;
				CLANG_WARN_BOOL_CONVERSION = YES;
				CLANG_WARN_COMMA = YES;
				CLANG_WARN_CONSTANT_CONVERSION = YES;
				CLANG_WARN_DEPRECATED_OBJC_IMPLEMENTATIONS = YES;
				CLANG_WARN_DIRECT_OBJC_ISA_USAGE = YES_ERROR;
				CLANG_WARN_DOCUMENTATION_COMMENTS = YES;
				CLANG_WARN_EMPTY_BODY = YES;
				CLANG_WARN_ENUM_CONVERSION = YES;
				CLANG_WARN_INFINITE_RECURSION = YES;
				CLANG_WARN_INT_CONVERSION = YES;
				CLANG_WARN_NON_LITERAL_NULL_CONVERSION = YES;
				CLANG_WARN_OBJC_IMPLICIT_RETAIN_SELF = YES;
				CLANG_WARN_OBJC_LITERAL_CONVERSION = YES;
				CLANG_WARN_OBJC_ROOT_CLASS = YES_ERROR;
				CLANG_WARN_QUOTED_INCLUDE_IN_FRAMEWORK_HEADER = YES;
				CLANG_WARN_RANGE_LOOP_ANALYSIS = YES;
				CLANG_WARN_STRICT_PROTOTYPES = YES;
				CLANG_WARN_SUSPICIOUS_MOVE = YES;
				CLANG_WARN_UNGUARDED_AVAILABILITY = YES_AGGRESSIVE;
				CLANG_WARN_UNREACHABLE_CODE = YES;
				CLANG_WARN__DUPLICATE_METHOD_MATCH = YES;
				COPY_PHASE_STRIP = NO;
				DEBUG_INFORMATION_FORMAT = dwarf;
				ENABLE_STRICT_OBJC_MSGSEND = YES;
				ENABLE_TESTABILITY = YES;
				GCC_C_LANGUAGE_STANDARD = gnu11;
				GCC_DYNAMIC_NO_PIC = NO;
				GCC_NO_COMMON_BLOCKS = YES;
				GCC_OPTIMIZATION_LEVEL = 0;
				GCC_PREPROCESSOR_DEFINITIONS = (
					"DEBUG=1",
					"$(inherited)",
				);
				GCC_WARN_64_TO_32_BIT_CONVERSION = YES;
				GCC_WARN_ABOUT_RETURN_TYPE = YES_ERROR;
				GCC_WARN_UNDECLARED_SELECTOR = YES;
				GCC_WARN_UNINITIALIZED_AUTOS = YES_AGGRESSIVE;
				GCC_WARN_UNUSED_FUNCTION = YES;
				GCC_WARN_UNUSED_VARIABLE = YES;
				IPHONEOS_DEPLOYMENT_TARGET = 15.0;
				MTL_ENABLE_DEBUG_INFO = INCLUDE_SOURCE;
				MTL_FAST_MATH = YES;
				ONLY_ACTIVE_ARCH = YES;
				SDKROOT = iphoneos;
				SWIFT_ACTIVE_COMPILATION_CONDITIONS = DEBUG;
				SWIFT_OPTIMIZATION_LEVEL = "-Onone";
			};
			name = Debug;
		};
		6A6CB03F27565A2000E5F0F7 /* Release */ = {
			isa = XCBuildConfiguration;
			buildSettings = {
				ALWAYS_SEARCH_USER_PATHS = NO;
				CLANG_ANALYZER_NONNULL = YES;
				CLANG_ANALYZER_NUMBER_OBJECT_CONVERSION = YES_AGGRESSIVE;
				CLANG_CXX_LANGUAGE_STANDARD = "gnu++17";
				CLANG_CXX_LIBRARY = "libc++";
				CLANG_ENABLE_MODULES = YES;
				CLANG_ENABLE_OBJC_ARC = YES;
				CLANG_ENABLE_OBJC_WEAK = YES;
				CLANG_WARN_BLOCK_CAPTURE_AUTORELEASING = YES;
				CLANG_WARN_BOOL_CONVERSION = YES;
				CLANG_WARN_COMMA = YES;
				CLANG_WARN_CONSTANT_CONVERSION = YES;
				CLANG_WARN_DEPRECATED_OBJC_IMPLEMENTATIONS = YES;
				CLANG_WARN_DIRECT_OBJC_ISA_USAGE = YES_ERROR;
				CLANG_WARN_DOCUMENTATION_COMMENTS = YES;
				CLANG_WARN_EMPTY_BODY = YES;
				CLANG_WARN_ENUM_CONVERSION = YES;
				CLANG_WARN_INFINITE_RECURSION = YES;
				CLANG_WARN_INT_CONVERSION = YES;
				CLANG_WARN_NON_LITERAL_NULL_CONVERSION = YES;
				CLANG_WARN_OBJC_IMPLICIT_RETAIN_SELF = YES;
				CLANG_WARN_OBJC_LITERAL_CONVERSION = YES;
				CLANG_WARN_OBJC_ROOT_CLASS = YES_ERROR;
				CLANG_WARN_QUOTED_INCLUDE_IN_FRAMEWORK_HEADER = YES;
				CLANG_WARN_RANGE_LOOP_ANALYSIS = YES;
				CLANG_WARN_STRICT_PROTOTYPES = YES;
				CLANG_WARN_SUSPICIOUS_MOVE = YES;
				CLANG_WARN_UNGUARDED_AVAILABILITY = YES_AGGRESSIVE;
				CLANG_WARN_UNREACHABLE_CODE = YES;
				CLANG_WARN__DUPLICATE_METHOD_MATCH = YES;
				COPY_PHASE_STRIP = NO;
				DEBUG_INFORMATION_FORMAT = "dwarf-with-dsym";
				ENABLE_NS_ASSERTIONS = NO;
				ENABLE_STRICT_OBJC_MSGSEND = YES;
				GCC_C_LANGUAGE_STANDARD = gnu11;
				GCC_NO_COMMON_BLOCKS = YES;
				GCC_WARN_64_TO_32_BIT_CONVERSION = YES;
				GCC_WARN_ABOUT_RETURN_TYPE = YES_ERROR;
				GCC_WARN_UNDECLARED_SELECTOR = YES;
				GCC_WARN_UNINITIALIZED_AUTOS = YES_AGGRESSIVE;
				GCC_WARN_UNUSED_FUNCTION = YES;
				GCC_WARN_UNUSED_VARIABLE = YES;
				IPHONEOS_DEPLOYMENT_TARGET = 15.0;
				MTL_ENABLE_DEBUG_INFO = NO;
				MTL_FAST_MATH = YES;
				SDKROOT = iphoneos;
				SWIFT_COMPILATION_MODE = wholemodule;
				SWIFT_OPTIMIZATION_LEVEL = "-O";
				VALIDATE_PRODUCT = YES;
			};
			name = Release;
		};
		6A6CB04127565A2000E5F0F7 /* Debug */ = {
			isa = XCBuildConfiguration;
			buildSettings = {
				ASSETCATALOG_COMPILER_APPICON_NAME = AppIcon;
				ASSETCATALOG_COMPILER_GLOBAL_ACCENT_COLOR_NAME = AccentColor;
				CODE_SIGN_STYLE = Automatic;
				CURRENT_PROJECT_VERSION = 1;
				DEVELOPMENT_TEAM = G773KFH7A6;
				GENERATE_INFOPLIST_FILE = YES;
				INFOPLIST_FILE = KeyboardLayoutGuideSample/Info.plist;
				INFOPLIST_KEY_UIApplicationSupportsIndirectInputEvents = YES;
				INFOPLIST_KEY_UILaunchStoryboardName = LaunchScreen;
				INFOPLIST_KEY_UIMainStoryboardFile = Main;
				INFOPLIST_KEY_UISupportedInterfaceOrientations_iPad = "UIInterfaceOrientationPortrait UIInterfaceOrientationPortraitUpsideDown UIInterfaceOrientationLandscapeLeft UIInterfaceOrientationLandscapeRight";
				INFOPLIST_KEY_UISupportedInterfaceOrientations_iPhone = "UIInterfaceOrientationPortrait UIInterfaceOrientationLandscapeLeft UIInterfaceOrientationLandscapeRight";
				LD_RUNPATH_SEARCH_PATHS = (
					"$(inherited)",
					"@executable_path/Frameworks",
				);
				MARKETING_VERSION = 1.0;
				PRODUCT_BUNDLE_IDENTIFIER = com.creators.workout.KeyboardLayoutGuideSample;
				PRODUCT_NAME = "$(TARGET_NAME)";
				SWIFT_EMIT_LOC_STRINGS = YES;
				SWIFT_VERSION = 5.0;
				TARGETED_DEVICE_FAMILY = "1,2";
			};
			name = Debug;
		};
		6A6CB04227565A2000E5F0F7 /* Release */ = {
			isa = XCBuildConfiguration;
			buildSettings = {
				ASSETCATALOG_COMPILER_APPICON_NAME = AppIcon;
				ASSETCATALOG_COMPILER_GLOBAL_ACCENT_COLOR_NAME = AccentColor;
				CODE_SIGN_STYLE = Automatic;
				CURRENT_PROJECT_VERSION = 1;
				DEVELOPMENT_TEAM = G773KFH7A6;
				GENERATE_INFOPLIST_FILE = YES;
				INFOPLIST_FILE = KeyboardLayoutGuideSample/Info.plist;
				INFOPLIST_KEY_UIApplicationSupportsIndirectInputEvents = YES;
				INFOPLIST_KEY_UILaunchStoryboardName = LaunchScreen;
				INFOPLIST_KEY_UIMainStoryboardFile = Main;
				INFOPLIST_KEY_UISupportedInterfaceOrientations_iPad = "UIInterfaceOrientationPortrait UIInterfaceOrientationPortraitUpsideDown UIInterfaceOrientationLandscapeLeft UIInterfaceOrientationLandscapeRight";
				INFOPLIST_KEY_UISupportedInterfaceOrientations_iPhone = "UIInterfaceOrientationPortrait UIInterfaceOrientationLandscapeLeft UIInterfaceOrientationLandscapeRight";
				LD_RUNPATH_SEARCH_PATHS = (
					"$(inherited)",
					"@executable_path/Frameworks",
				);
				MARKETING_VERSION = 1.0;
				PRODUCT_BUNDLE_IDENTIFIER = com.creators.workout.KeyboardLayoutGuideSample;
				PRODUCT_NAME = "$(TARGET_NAME)";
				SWIFT_EMIT_LOC_STRINGS = YES;
				SWIFT_VERSION = 5.0;
				TARGETED_DEVICE_FAMILY = "1,2";
			};
			name = Release;
		};
		6A6CB04427565A2000E5F0F7 /* Debug */ = {
			isa = XCBuildConfiguration;
			buildSettings = {
				ALWAYS_EMBED_SWIFT_STANDARD_LIBRARIES = YES;
				BUNDLE_LOADER = "$(TEST_HOST)";
				CODE_SIGN_STYLE = Automatic;
				CURRENT_PROJECT_VERSION = 1;
				DEVELOPMENT_TEAM = G773KFH7A6;
				GENERATE_INFOPLIST_FILE = YES;
				IPHONEOS_DEPLOYMENT_TARGET = 15.0;
				LD_RUNPATH_SEARCH_PATHS = (
					"$(inherited)",
					"@executable_path/Frameworks",
					"@loader_path/Frameworks",
				);
				MARKETING_VERSION = 1.0;
				PRODUCT_BUNDLE_IDENTIFIER = com.creators.workout.KeyboardLayoutGuideSampleTests;
				PRODUCT_NAME = "$(TARGET_NAME)";
				SWIFT_EMIT_LOC_STRINGS = NO;
				SWIFT_VERSION = 5.0;
				TARGETED_DEVICE_FAMILY = "1,2";
				TEST_HOST = "$(BUILT_PRODUCTS_DIR)/KeyboardLayoutGuideSample.app/KeyboardLayoutGuideSample";
			};
			name = Debug;
		};
		6A6CB04527565A2000E5F0F7 /* Release */ = {
			isa = XCBuildConfiguration;
			buildSettings = {
				ALWAYS_EMBED_SWIFT_STANDARD_LIBRARIES = YES;
				BUNDLE_LOADER = "$(TEST_HOST)";
				CODE_SIGN_STYLE = Automatic;
				CURRENT_PROJECT_VERSION = 1;
				DEVELOPMENT_TEAM = G773KFH7A6;
				GENERATE_INFOPLIST_FILE = YES;
				IPHONEOS_DEPLOYMENT_TARGET = 15.0;
				LD_RUNPATH_SEARCH_PATHS = (
					"$(inherited)",
					"@executable_path/Frameworks",
					"@loader_path/Frameworks",
				);
				MARKETING_VERSION = 1.0;
				PRODUCT_BUNDLE_IDENTIFIER = com.creators.workout.KeyboardLayoutGuideSampleTests;
				PRODUCT_NAME = "$(TARGET_NAME)";
				SWIFT_EMIT_LOC_STRINGS = NO;
				SWIFT_VERSION = 5.0;
				TARGETED_DEVICE_FAMILY = "1,2";
				TEST_HOST = "$(BUILT_PRODUCTS_DIR)/KeyboardLayoutGuideSample.app/KeyboardLayoutGuideSample";
			};
			name = Release;
		};
		6A6CB04727565A2000E5F0F7 /* Debug */ = {
			isa = XCBuildConfiguration;
			buildSettings = {
				ALWAYS_EMBED_SWIFT_STANDARD_LIBRARIES = YES;
				CODE_SIGN_STYLE = Automatic;
				CURRENT_PROJECT_VERSION = 1;
				DEVELOPMENT_TEAM = G773KFH7A6;
				GENERATE_INFOPLIST_FILE = YES;
				LD_RUNPATH_SEARCH_PATHS = (
					"$(inherited)",
					"@executable_path/Frameworks",
					"@loader_path/Frameworks",
				);
				MARKETING_VERSION = 1.0;
				PRODUCT_BUNDLE_IDENTIFIER = com.creators.workout.KeyboardLayoutGuideSampleUITests;
				PRODUCT_NAME = "$(TARGET_NAME)";
				SWIFT_EMIT_LOC_STRINGS = NO;
				SWIFT_VERSION = 5.0;
				TARGETED_DEVICE_FAMILY = "1,2";
				TEST_TARGET_NAME = KeyboardLayoutGuideSample;
			};
			name = Debug;
		};
		6A6CB04827565A2000E5F0F7 /* Release */ = {
			isa = XCBuildConfiguration;
			buildSettings = {
				ALWAYS_EMBED_SWIFT_STANDARD_LIBRARIES = YES;
				CODE_SIGN_STYLE = Automatic;
				CURRENT_PROJECT_VERSION = 1;
				DEVELOPMENT_TEAM = G773KFH7A6;
				GENERATE_INFOPLIST_FILE = YES;
				LD_RUNPATH_SEARCH_PATHS = (
					"$(inherited)",
					"@executable_path/Frameworks",
					"@loader_path/Frameworks",
				);
				MARKETING_VERSION = 1.0;
				PRODUCT_BUNDLE_IDENTIFIER = com.creators.workout.KeyboardLayoutGuideSampleUITests;
				PRODUCT_NAME = "$(TARGET_NAME)";
				SWIFT_EMIT_LOC_STRINGS = NO;
				SWIFT_VERSION = 5.0;
				TARGETED_DEVICE_FAMILY = "1,2";
				TEST_TARGET_NAME = KeyboardLayoutGuideSample;
			};
			name = Release;
		};
/* End XCBuildConfiguration section */

/* Begin XCConfigurationList section */
		6A6CB01127565A1D00E5F0F7 /* Build configuration list for PBXProject "KeyboardLayoutGuideSample" */ = {
			isa = XCConfigurationList;
			buildConfigurations = (
				6A6CB03E27565A2000E5F0F7 /* Debug */,
				6A6CB03F27565A2000E5F0F7 /* Release */,
			);
			defaultConfigurationIsVisible = 0;
			defaultConfigurationName = Release;
		};
		6A6CB04027565A2000E5F0F7 /* Build configuration list for PBXNativeTarget "KeyboardLayoutGuideSample" */ = {
			isa = XCConfigurationList;
			buildConfigurations = (
				6A6CB04127565A2000E5F0F7 /* Debug */,
				6A6CB04227565A2000E5F0F7 /* Release */,
			);
			defaultConfigurationIsVisible = 0;
			defaultConfigurationName = Release;
		};
		6A6CB04327565A2000E5F0F7 /* Build configuration list for PBXNativeTarget "KeyboardLayoutGuideSampleTests" */ = {
			isa = XCConfigurationList;
			buildConfigurations = (
				6A6CB04427565A2000E5F0F7 /* Debug */,
				6A6CB04527565A2000E5F0F7 /* Release */,
			);
			defaultConfigurationIsVisible = 0;
			defaultConfigurationName = Release;
		};
		6A6CB04627565A2000E5F0F7 /* Build configuration list for PBXNativeTarget "KeyboardLayoutGuideSampleUITests" */ = {
			isa = XCConfigurationList;
			buildConfigurations = (
				6A6CB04727565A2000E5F0F7 /* Debug */,
				6A6CB04827565A2000E5F0F7 /* Release */,
			);
			defaultConfigurationIsVisible = 0;
			defaultConfigurationName = Release;
		};
/* End XCConfigurationList section */
	};
	rootObject = 6A6CB00E27565A1D00E5F0F7 /* Project object */;
}
